
Microsoft Visual Studio Solution File, Format Version 11.00
# Visual Studio 2010
Project("{FAE04EC0-301F-11D3-BF4B-00C04F79EFBC}") = "KeyPadawan", "Dev\KeyPadawan.csproj", "{D7913F88-46EA-41A5-AE4C-D0A709B81223}"
EndProject
Project("{FAE04EC0-301F-11D3-BF4B-00C04F79EFBC}") = "KeyPadawanTests", "Tests\KeyPadawanTests.csproj", "{98E4B5A0-44CE-4AE9-B69F-187185A149AF}"
EndProject
Global
	GlobalSection(SolutionConfigurationPlatforms) = preSolution
		Debug|Any CPU = Debug|Any CPU
		Release|Any CPU = Release|Any CPU
	EndGlobalSection
	GlobalSection(ProjectConfigurationPlatforms) = postSolution
		{D7913F88-46EA-41A5-AE4C-D0A709B81223}.Debug|Any CPU.ActiveCfg = Debug|Any CPU
		{D7913F88-46EA-41A5-AE4C-D0A709B81223}.Debug|Any CPU.Build.0 = Debug|Any CPU
		{D7913F88-46EA-41A5-AE4C-D0A709B81223}.Release|Any CPU.ActiveCfg = Release|Any CPU
		{D7913F88-46EA-41A5-AE4C-D0A709B81223}.Release|Any CPU.Build.0 = Release|Any CPU
		{98E4B5A0-44CE-4AE9-B69F-187185A149AF}.Debug|Any CPU.ActiveCfg = Debug|Any CPU
		{98E4B5A0-44CE-4AE9-B69F-187185A149AF}.Debug|Any CPU.Build.0 = Debug|Any CPU
		{98E4B5A0-44CE-4AE9-B69F-187185A149AF}.Release|Any CPU.ActiveCfg = Release|Any CPU
		{98E4B5A0-44CE-4AE9-B69F-187185A149AF}.Release|Any CPU.Build.0 = Release|Any CPU
	EndGlobalSection
	GlobalSection(SolutionProperties) = preSolution
		HideSolutionNode = FALSE
	EndGlobalSection
EndGlobal
